
Microsoft Visual Studio Solution File, Format Version 12.00
# Visual Studio 15
VisualStudioVersion = 15.0.26403.7
MinimumVisualStudioVersion = 10.0.40219.1
Project("{FAE04EC0-301F-11D3-BF4B-00C04F79EFBC}") = "Работа 2 клиент - 1", "Работа 2 клиент\Работа 2 клиент - 1.csproj", "{0D13F360-591E-4B88-85D0-083328B0560D}"
EndProject
Global
	GlobalSection(SolutionConfigurationPlatforms) = preSolution
		Debug|Any CPU = Debug|Any CPU
		Release|Any CPU = Release|Any CPU
	EndGlobalSection
	GlobalSection(ProjectConfigurationPlatforms) = postSolution
		{0D13F360-591E-4B88-85D0-083328B0560D}.Debug|Any CPU.ActiveCfg = Debug|Any CPU
		{0D13F360-591E-4B88-85D0-083328B0560D}.Debug|Any CPU.Build.0 = Debug|Any CPU
		{0D13F360-591E-4B88-85D0-083328B0560D}.Release|Any CPU.ActiveCfg = Release|Any CPU
		{0D13F360-591E-4B88-85D0-083328B0560D}.Release|Any CPU.Build.0 = Release|Any CPU
	EndGlobalSection
	GlobalSection(SolutionProperties) = preSolution
		HideSolutionNode = FALSE
	EndGlobalSection
EndGlobal
